// !$*UTF8*$!
{
	archiveVersion = 1;
	classes = {
	};
	objectVersion = 56;
	objects = {

/* Begin PBXBuildFile section */
		522933422AC4A0080083EB4E /* AppDelegate.swift in Sources */ = {isa = PBXBuildFile; fileRef = 522933412AC4A0080083EB4E /* AppDelegate.swift */; };
		522933442AC4A0080083EB4E /* SceneDelegate.swift in Sources */ = {isa = PBXBuildFile; fileRef = 522933432AC4A0080083EB4E /* SceneDelegate.swift */; };
		522933462AC4A0080083EB4E /* ViewController.swift in Sources */ = {isa = PBXBuildFile; fileRef = 522933452AC4A0080083EB4E /* ViewController.swift */; };
		522933492AC4A0080083EB4E /* Main.storyboard in Resources */ = {isa = PBXBuildFile; fileRef = 522933472AC4A0080083EB4E /* Main.storyboard */; };
		5229334B2AC4A00A0083EB4E /* Assets.xcassets in Resources */ = {isa = PBXBuildFile; fileRef = 5229334A2AC4A00A0083EB4E /* Assets.xcassets */; };
		5229334E2AC4A00A0083EB4E /* LaunchScreen.storyboard in Resources */ = {isa = PBXBuildFile; fileRef = 5229334C2AC4A00A0083EB4E /* LaunchScreen.storyboard */; };
		522933562AC50C710083EB4E /* simpTableViewCell.swift in Sources */ = {isa = PBXBuildFile; fileRef = 522933552AC50C710083EB4E /* simpTableViewCell.swift */; };
		522933582AC515C80083EB4E /* task.swift in Sources */ = {isa = PBXBuildFile; fileRef = 522933572AC515C80083EB4E /* task.swift */; };
		522933862AC584330083EB4E /* addViewCell.swift in Sources */ = {isa = PBXBuildFile; fileRef = 522933852AC584330083EB4E /* addViewCell.swift */; };
/* End PBXBuildFile section */

/* Begin PBXFileReference section */
		5229333E2AC4A0080083EB4E /* Simp To do.app */ = {isa = PBXFileReference; explicitFileType = wrapper.application; includeInIndex = 0; path = "Simp To do.app"; sourceTree = BUILT_PRODUCTS_DIR; };
		522933412AC4A0080083EB4E /* AppDelegate.swift */ = {isa = PBXFileReference; lastKnownFileType = sourcecode.swift; path = AppDelegate.swift; sourceTree = "<group>"; };
		522933432AC4A0080083EB4E /* SceneDelegate.swift */ = {isa = PBXFileReference; lastKnownFileType = sourcecode.swift; path = SceneDelegate.swift; sourceTree = "<group>"; };
		522933452AC4A0080083EB4E /* ViewController.swift */ = {isa = PBXFileReference; lastKnownFileType = sourcecode.swift; path = ViewController.swift; sourceTree = "<group>"; };
		522933482AC4A0080083EB4E /* Base */ = {isa = PBXFileReference; lastKnownFileType = file.storyboard; name = Base; path = Base.lproj/Main.storyboard; sourceTree = "<group>"; };
		5229334A2AC4A00A0083EB4E /* Assets.xcassets */ = {isa = PBXFileReference; lastKnownFileType = folder.assetcatalog; path = Assets.xcassets; sourceTree = "<group>"; };
		5229334D2AC4A00A0083EB4E /* Base */ = {isa = PBXFileReference; lastKnownFileType = file.storyboard; name = Base; path = Base.lproj/LaunchScreen.storyboard; sourceTree = "<group>"; };
		5229334F2AC4A00A0083EB4E /* Info.plist */ = {isa = PBXFileReference; lastKnownFileType = text.plist.xml; path = Info.plist; sourceTree = "<group>"; };
		522933552AC50C710083EB4E /* simpTableViewCell.swift */ = {isa = PBXFileReference; lastKnownFileType = sourcecode.swift; path = simpTableViewCell.swift; sourceTree = "<group>"; };
		522933572AC515C80083EB4E /* task.swift */ = {isa = PBXFileReference; lastKnownFileType = sourcecode.swift; path = task.swift; sourceTree = "<group>"; };
		522933852AC584330083EB4E /* addViewCell.swift */ = {isa = PBXFileReference; lastKnownFileType = sourcecode.swift; path = addViewCell.swift; sourceTree = "<group>"; };
/* End PBXFileReference section */

/* Begin PBXFrameworksBuildPhase section */
		5229333B2AC4A0080083EB4E /* Frameworks */ = {
			isa = PBXFrameworksBuildPhase;
			buildActionMask = 2147483647;
			files = (
			);
			runOnlyForDeploymentPostprocessing = 0;
		};
/* End PBXFrameworksBuildPhase section */

/* Begin PBXGroup section */
		522933352AC4A0080083EB4E = {
			isa = PBXGroup;
			children = (
				522933402AC4A0080083EB4E /* Simp To do */,
				5229333F2AC4A0080083EB4E /* Products */,
			);
			sourceTree = "<group>";
		};
		5229333F2AC4A0080083EB4E /* Products */ = {
			isa = PBXGroup;
			children = (
				5229333E2AC4A0080083EB4E /* Simp To do.app */,
			);
			name = Products;
			sourceTree = "<group>";
		};
		522933402AC4A0080083EB4E /* Simp To do */ = {
			isa = PBXGroup;
			children = (
				522933412AC4A0080083EB4E /* AppDelegate.swift */,
				522933432AC4A0080083EB4E /* SceneDelegate.swift */,
				522933452AC4A0080083EB4E /* ViewController.swift */,
				522933852AC584330083EB4E /* addViewCell.swift */,
				522933552AC50C710083EB4E /* simpTableViewCell.swift */,
				522933572AC515C80083EB4E /* task.swift */,
				522933472AC4A0080083EB4E /* Main.storyboard */,
				5229334A2AC4A00A0083EB4E /* Assets.xcassets */,
				5229334C2AC4A00A0083EB4E /* LaunchScreen.storyboard */,
				5229334F2AC4A00A0083EB4E /* Info.plist */,
			);
			path = "Simp To do";
			sourceTree = "<group>";
		};
/* End PBXGroup section */

/* Begin PBXNativeTarget section */
		5229333D2AC4A0080083EB4E /* Simp To do */ = {
			isa = PBXNativeTarget;
			buildConfigurationList = 522933522AC4A00A0083EB4E /* Build configuration list for PBXNativeTarget "Simp To do" */;
			buildPhases = (
				5229333A2AC4A0080083EB4E /* Sources */,
				5229333B2AC4A0080083EB4E /* Frameworks */,
				5229333C2AC4A0080083EB4E /* Resources */,
			);
			buildRules = (
			);
			dependencies = (
			);
			name = "Simp To do";
			productName = "Simp To do";
			productReference = 5229333E2AC4A0080083EB4E /* Simp To do.app */;
			productType = "com.apple.product-type.application";
		};
/* End PBXNativeTarget section */

/* Begin PBXProject section */
		522933362AC4A0080083EB4E /* Project object */ = {
			isa = PBXProject;
			attributes = {
				BuildIndependentTargetsInParallel = 1;
				LastSwiftUpdateCheck = 1420;
				LastUpgradeCheck = 1420;
				TargetAttributes = {
					5229333D2AC4A0080083EB4E = {
						CreatedOnToolsVersion = 14.2;
					};
				};
			};
			buildConfigurationList = 522933392AC4A0080083EB4E /* Build configuration list for PBXProject "Simp To do" */;
			compatibilityVersion = "Xcode 14.0";
			developmentRegion = en;
			hasScannedForEncodings = 0;
			knownRegions = (
				en,
				Base,
			);
			mainGroup = 522933352AC4A0080083EB4E;
			productRefGroup = 5229333F2AC4A0080083EB4E /* Products */;
			projectDirPath = "";
			projectRoot = "";
			targets = (
				5229333D2AC4A0080083EB4E /* Simp To do */,
			);
		};
/* End PBXProject section */

/* Begin PBXResourcesBuildPhase section */
		5229333C2AC4A0080083EB4E /* Resources */ = {
			isa = PBXResourcesBuildPhase;
			buildActionMask = 2147483647;
			files = (
				5229334E2AC4A00A0083EB4E /* LaunchScreen.storyboard in Resources */,
				5229334B2AC4A00A0083EB4E /* Assets.xcassets in Resources */,
				522933492AC4A0080083EB4E /* Main.storyboard in Resources */,
			);
			runOnlyForDeploymentPostprocessing = 0;
		};
/* End PBXResourcesBuildPhase section */

/* Begin PBXSourcesBuildPhase section */
		5229333A2AC4A0080083EB4E /* Sources */ = {
			isa = PBXSourcesBuildPhase;
			buildActionMask = 2147483647;
			files = (
				522933862AC584330083EB4E /* addViewCell.swift in Sources */,
				522933462AC4A0080083EB4E /* ViewController.swift in Sources */,
				522933422AC4A0080083EB4E /* AppDelegate.swift in Sources */,
				522933562AC50C710083EB4E /* simpTableViewCell.swift in Sources */,
				522933442AC4A0080083EB4E /* SceneDelegate.swift in Sources */,
				522933582AC515C80083EB4E /* task.swift in Sources */,
			);
			runOnlyForDeploymentPostprocessing = 0;
		};
/* End PBXSourcesBuildPhase section */

/* Begin PBXVariantGroup section */
		522933472AC4A0080083EB4E /* Main.storyboard */ = {
			isa = PBXVariantGroup;
			children = (
				522933482AC4A0080083EB4E /* Base */,
			);
			name = Main.storyboard;
			sourceTree = "<group>";
		};
		5229334C2AC4A00A0083EB4E /* LaunchScreen.storyboard */ = {
			isa = PBXVariantGroup;
			children = (
				5229334D2AC4A00A0083EB4E /* Base */,
			);
			name = LaunchScreen.storyboard;
			sourceTree = "<group>";
		};
/* End PBXVariantGroup section */

/* Begin XCBuildConfiguration section */
		522933502AC4A00A0083EB4E /* Debug */ = {
			isa = XCBuildConfiguration;
			buildSettings = {
				ALWAYS_SEARCH_USER_PATHS = NO;
				CLANG_ANALYZER_NONNULL = YES;
				CLANG_ANALYZER_NUMBER_OBJECT_CONVERSION = YES_AGGRESSIVE;
				CLANG_CXX_LANGUAGE_STANDARD = "gnu++20";
				CLANG_ENABLE_MODULES = YES;
				CLANG_ENABLE_OBJC_ARC = YES;
				CLANG_ENABLE_OBJC_WEAK = YES;
				CLANG_WARN_BLOCK_CAPTURE_AUTORELEASING = YES;
				CLANG_WARN_BOOL_CONVERSION = YES;
				CLANG_WARN_COMMA = YES;
				CLANG_WARN_CONSTANT_CONVERSION = YES;
				CLANG_WARN_DEPRECATED_OBJC_IMPLEMENTATIONS = YES;
				CLANG_WARN_DIRECT_OBJC_ISA_USAGE = YES_ERROR;
				CLANG_WARN_DOCUMENTATION_COMMENTS = YES;
				CLANG_WARN_EMPTY_BODY = YES;
				CLANG_WARN_ENUM_CONVERSION = YES;
				CLANG_WARN_INFINITE_RECURSION = YES;
				CLANG_WARN_INT_CONVERSION = YES;
				CLANG_WARN_NON_LITERAL_NULL_CONVERSION = YES;
				CLANG_WARN_OBJC_IMPLICIT_RETAIN_SELF = YES;
				CLANG_WARN_OBJC_LITERAL_CONVERSION = YES;
				CLANG_WARN_OBJC_ROOT_CLASS = YES_ERROR;
				CLANG_WARN_QUOTED_INCLUDE_IN_FRAMEWORK_HEADER = YES;
				CLANG_WARN_RANGE_LOOP_ANALYSIS = YES;
				CLANG_WARN_STRICT_PROTOTYPES = YES;
				CLANG_WARN_SUSPICIOUS_MOVE = YES;
				CLANG_WARN_UNGUARDED_AVAILABILITY = YES_AGGRESSIVE;
				CLANG_WARN_UNREACHABLE_CODE = YES;
				CLANG_WARN__DUPLICATE_METHOD_MATCH = YES;
				COPY_PHASE_STRIP = NO;
				DEBUG_INFORMATION_FORMAT = dwarf;
				ENABLE_STRICT_OBJC_MSGSEND = YES;
				ENABLE_TESTABILITY = YES;
				GCC_C_LANGUAGE_STANDARD = gnu11;
				GCC_DYNAMIC_NO_PIC = NO;
				GCC_NO_COMMON_BLOCKS = YES;
				GCC_OPTIMIZATION_LEVEL = 0;
				GCC_PREPROCESSOR_DEFINITIONS = (
					"DEBUG=1",
					"$(inherited)",
				);
				GCC_WARN_64_TO_32_BIT_CONVERSION = YES;
				GCC_WARN_ABOUT_RETURN_TYPE = YES_ERROR;
				GCC_WARN_UNDECLARED_SELECTOR = YES;
				GCC_WARN_UNINITIALIZED_AUTOS = YES_AGGRESSIVE;
				GCC_WARN_UNUSED_FUNCTION = YES;
				GCC_WARN_UNUSED_VARIABLE = YES;
				IPHONEOS_DEPLOYMENT_TARGET = 16.2;
				MTL_ENABLE_DEBUG_INFO = INCLUDE_SOURCE;
				MTL_FAST_MATH = YES;
				ONLY_ACTIVE_ARCH = YES;
				SDKROOT = iphoneos;
				SWIFT_ACTIVE_COMPILATION_CONDITIONS = DEBUG;
				SWIFT_OPTIMIZATION_LEVEL = "-Onone";
			};
			name = Debug;
		};
		522933512AC4A00A0083EB4E /* Release */ = {
			isa = XCBuildConfiguration;
			buildSettings = {
				ALWAYS_SEARCH_USER_PATHS = NO;
				CLANG_ANALYZER_NONNULL = YES;
				CLANG_ANALYZER_NUMBER_OBJECT_CONVERSION = YES_AGGRESSIVE;
				CLANG_CXX_LANGUAGE_STANDARD = "gnu++20";
				CLANG_ENABLE_MODULES = YES;
				CLANG_ENABLE_OBJC_ARC = YES;
				CLANG_ENABLE_OBJC_WEAK = YES;
				CLANG_WARN_BLOCK_CAPTURE_AUTORELEASING = YES;
				CLANG_WARN_BOOL_CONVERSION = YES;
				CLANG_WARN_COMMA = YES;
				CLANG_WARN_CONSTANT_CONVERSION = YES;
				CLANG_WARN_DEPRECATED_OBJC_IMPLEMENTATIONS = YES;
				CLANG_WARN_DIRECT_OBJC_ISA_USAGE = YES_ERROR;
				CLANG_WARN_DOCUMENTATION_COMMENTS = YES;
				CLANG_WARN_EMPTY_BODY = YES;
				CLANG_WARN_ENUM_CONVERSION = YES;
				CLANG_WARN_INFINITE_RECURSION = YES;
				CLANG_WARN_INT_CONVERSION = YES;
				CLANG_WARN_NON_LITERAL_NULL_CONVERSION = YES;
				CLANG_WARN_OBJC_IMPLICIT_RETAIN_SELF = YES;
				CLANG_WARN_OBJC_LITERAL_CONVERSION = YES;
				CLANG_WARN_OBJC_ROOT_CLASS = YES_ERROR;
				CLANG_WARN_QUOTED_INCLUDE_IN_FRAMEWORK_HEADER = YES;
				CLANG_WARN_RANGE_LOOP_ANALYSIS = YES;
				CLANG_WARN_STRICT_PROTOTYPES = YES;
				CLANG_WARN_SUSPICIOUS_MOVE = YES;
				CLANG_WARN_UNGUARDED_AVAILABILITY = YES_AGGRESSIVE;
				CLANG_WARN_UNREACHABLE_CODE = YES;
				CLANG_WARN__DUPLICATE_METHOD_MATCH = YES;
				COPY_PHASE_STRIP = NO;
				DEBUG_INFORMATION_FORMAT = "dwarf-with-dsym";
				ENABLE_NS_ASSERTIONS = NO;
				ENABLE_STRICT_OBJC_MSGSEND = YES;
				GCC_C_LANGUAGE_STANDARD = gnu11;
				GCC_NO_COMMON_BLOCKS = YES;
				GCC_WARN_64_TO_32_BIT_CONVERSION = YES;
				GCC_WARN_ABOUT_RETURN_TYPE = YES_ERROR;
				GCC_WARN_UNDECLARED_SELECTOR = YES;
				GCC_WARN_UNINITIALIZED_AUTOS = YES_AGGRESSIVE;
				GCC_WARN_UNUSED_FUNCTION = YES;
				GCC_WARN_UNUSED_VARIABLE = YES;
				IPHONEOS_DEPLOYMENT_TARGET = 16.2;
				MTL_ENABLE_DEBUG_INFO = NO;
				MTL_FAST_MATH = YES;
				SDKROOT = iphoneos;
				SWIFT_COMPILATION_MODE = wholemodule;
				SWIFT_OPTIMIZATION_LEVEL = "-O";
				VALIDATE_PRODUCT = YES;
			};
			name = Release;
		};
		522933532AC4A00A0083EB4E /* Debug */ = {
			isa = XCBuildConfiguration;
			buildSettings = {
				ASSETCATALOG_COMPILER_APPICON_NAME = AppIcon;
				ASSETCATALOG_COMPILER_GLOBAL_ACCENT_COLOR_NAME = AccentColor;
				CODE_SIGN_STYLE = Automatic;
				CURRENT_PROJECT_VERSION = 1;
				GENERATE_INFOPLIST_FILE = YES;
				INFOPLIST_FILE = "Simp To do/Info.plist";
				INFOPLIST_KEY_UIApplicationSupportsIndirectInputEvents = YES;
				INFOPLIST_KEY_UILaunchStoryboardName = LaunchScreen;
				INFOPLIST_KEY_UIMainStoryboardFile = Main;
				INFOPLIST_KEY_UISupportedInterfaceOrientations_iPad = "UIInterfaceOrientationPortrait UIInterfaceOrientationPortraitUpsideDown UIInterfaceOrientationLandscapeLeft UIInterfaceOrientationLandscapeRight";
				INFOPLIST_KEY_UISupportedInterfaceOrientations_iPhone = "UIInterfaceOrientationPortrait UIInterfaceOrientationLandscapeLeft UIInterfaceOrientationLandscapeRight";
				LD_RUNPATH_SEARCH_PATHS = (
					"$(inherited)",
					"@executable_path/Frameworks",
				);
				MARKETING_VERSION = 1.0;
				PRODUCT_BUNDLE_IDENTIFIER = "Tuaans.Dz.Simp-To-do";
				PRODUCT_NAME = "$(TARGET_NAME)";
				SWIFT_EMIT_LOC_STRINGS = YES;
				SWIFT_VERSION = 5.0;
				TARGETED_DEVICE_FAMILY = "1,2";
			};
			name = Debug;
		};
		522933542AC4A00A0083EB4E /* Release */ = {
			isa = XCBuildConfiguration;
			buildSettings = {
				ASSETCATALOG_COMPILER_APPICON_NAME = AppIcon;
				ASSETCATALOG_COMPILER_GLOBAL_ACCENT_COLOR_NAME = AccentColor;
				CODE_SIGN_STYLE = Automatic;
				CURRENT_PROJECT_VERSION = 1;
				GENERATE_INFOPLIST_FILE = YES;
				INFOPLIST_FILE = "Simp To do/Info.plist";
				INFOPLIST_KEY_UIApplicationSupportsIndirectInputEvents = YES;
				INFOPLIST_KEY_UILaunchStoryboardName = LaunchScreen;
				INFOPLIST_KEY_UIMainStoryboardFile = Main;
				INFOPLIST_KEY_UISupportedInterfaceOrientations_iPad = "UIInterfaceOrientationPortrait UIInterfaceOrientationPortraitUpsideDown UIInterfaceOrientationLandscapeLeft UIInterfaceOrientationLandscapeRight";
				INFOPLIST_KEY_UISupportedInterfaceOrientations_iPhone = "UIInterfaceOrientationPortrait UIInterfaceOrientationLandscapeLeft UIInterfaceOrientationLandscapeRight";
				LD_RUNPATH_SEARCH_PATHS = (
					"$(inherited)",
					"@executable_path/Frameworks",
				);
				MARKETING_VERSION = 1.0;
				PRODUCT_BUNDLE_IDENTIFIER = "Tuaans.Dz.Simp-To-do";
				PRODUCT_NAME = "$(TARGET_NAME)";
				SWIFT_EMIT_LOC_STRINGS = YES;
				SWIFT_VERSION = 5.0;
				TARGETED_DEVICE_FAMILY = "1,2";
			};
			name = Release;
		};
/* End XCBuildConfiguration section */

/* Begin XCConfigurationList section */
		522933392AC4A0080083EB4E /* Build configuration list for PBXProject "Simp To do" */ = {
			isa = XCConfigurationList;
			buildConfigurations = (
				522933502AC4A00A0083EB4E /* Debug */,
				522933512AC4A00A0083EB4E /* Release */,
			);
			defaultConfigurationIsVisible = 0;
			defaultConfigurationName = Release;
		};
		522933522AC4A00A0083EB4E /* Build configuration list for PBXNativeTarget "Simp To do" */ = {
			isa = XCConfigurationList;
			buildConfigurations = (
				522933532AC4A00A0083EB4E /* Debug */,
				522933542AC4A00A0083EB4E /* Release */,
			);
			defaultConfigurationIsVisible = 0;
			defaultConfigurationName = Release;
		};
/* End XCConfigurationList section */
	};
	rootObject = 522933362AC4A0080083EB4E /* Project object */;
}
